
Microsoft Visual Studio Solution File, Format Version 12.00
# Visual Studio 15
VisualStudioVersion = 15.0.26124.0
MinimumVisualStudioVersion = 15.0.26124.0
Project("{2150E333-8FDC-42A3-9474-1A3956D46DE8}") = "src", "src", "{651F309B-3615-44A7-A5B4-832B4ACE2258}"
EndProject
Project("{FAE04EC0-301F-11D3-BF4B-00C04F79EFBC}") = "Nakama", "src\Nakama\Nakama.csproj", "{10E81453-27EC-4D8E-82A7-DEDEFABBD648}"
EndProject
Project("{2150E333-8FDC-42A3-9474-1A3956D46DE8}") = "tests", "tests", "{4CBC1D9A-0727-4D31-A3BC-484EF98E7617}"
EndProject
Project("{FAE04EC0-301F-11D3-BF4B-00C04F79EFBC}") = "Nakama.Tests", "tests\Nakama.Tests\Nakama.Tests.csproj", "{AFD0AF63-EA45-49A6-8889-3E65A48F0521}"
EndProject
Project("{2150E333-8FDC-42A3-9474-1A3956D46DE8}") = "examples", "examples", "{2F955298-B3F4-4C26-BA88-667D2B3668B9}"
EndProject
Project("{FAE04EC0-301F-11D3-BF4B-00C04F79EFBC}") = "Nakama.Examples", "examples\Nakama.Examples\Nakama.Examples.csproj", "{DEDE03C1-1574-4CC6-B20C-1101B960A2DB}"
EndProject
Global
	GlobalSection(SolutionConfigurationPlatforms) = preSolution
		Debug|Any CPU = Debug|Any CPU
		Debug|x64 = Debug|x64
		Debug|x86 = Debug|x86
		Release|Any CPU = Release|Any CPU
		Release|x64 = Release|x64
		Release|x86 = Release|x86
	EndGlobalSection
	GlobalSection(SolutionProperties) = preSolution
		HideSolutionNode = FALSE
	EndGlobalSection
	GlobalSection(ProjectConfigurationPlatforms) = postSolution
		{10E81453-27EC-4D8E-82A7-DEDEFABBD648}.Debug|Any CPU.ActiveCfg = Debug|Any CPU
		{10E81453-27EC-4D8E-82A7-DEDEFABBD648}.Debug|Any CPU.Build.0 = Debug|Any CPU
		{10E81453-27EC-4D8E-82A7-DEDEFABBD648}.Debug|x64.ActiveCfg = Debug|Any CPU
		{10E81453-27EC-4D8E-82A7-DEDEFABBD648}.Debug|x64.Build.0 = Debug|Any CPU
		{10E81453-27EC-4D8E-82A7-DEDEFABBD648}.Debug|x86.ActiveCfg = Debug|Any CPU
		{10E81453-27EC-4D8E-82A7-DEDEFABBD648}.Debug|x86.Build.0 = Debug|Any CPU
		{10E81453-27EC-4D8E-82A7-DEDEFABBD648}.Release|Any CPU.ActiveCfg = Release|Any CPU
		{10E81453-27EC-4D8E-82A7-DEDEFABBD648}.Release|Any CPU.Build.0 = Release|Any CPU
		{10E81453-27EC-4D8E-82A7-DEDEFABBD648}.Release|x64.ActiveCfg = Release|Any CPU
		{10E81453-27EC-4D8E-82A7-DEDEFABBD648}.Release|x64.Build.0 = Release|Any CPU
		{10E81453-27EC-4D8E-82A7-DEDEFABBD648}.Release|x86.ActiveCfg = Release|Any CPU
		{10E81453-27EC-4D8E-82A7-DEDEFABBD648}.Release|x86.Build.0 = Release|Any CPU
		{AFD0AF63-EA45-49A6-8889-3E65A48F0521}.Debug|Any CPU.ActiveCfg = Debug|Any CPU
		{AFD0AF63-EA45-49A6-8889-3E65A48F0521}.Debug|Any CPU.Build.0 = Debug|Any CPU
		{AFD0AF63-EA45-49A6-8889-3E65A48F0521}.Debug|x64.ActiveCfg = Debug|Any CPU
		{AFD0AF63-EA45-49A6-8889-3E65A48F0521}.Debug|x64.Build.0 = Debug|Any CPU
		{AFD0AF63-EA45-49A6-8889-3E65A48F0521}.Debug|x86.ActiveCfg = Debug|Any CPU
		{AFD0AF63-EA45-49A6-8889-3E65A48F0521}.Debug|x86.Build.0 = Debug|Any CPU
		{AFD0AF63-EA45-49A6-8889-3E65A48F0521}.Release|Any CPU.ActiveCfg = Release|Any CPU
		{AFD0AF63-EA45-49A6-8889-3E65A48F0521}.Release|Any CPU.Build.0 = Release|Any CPU
		{AFD0AF63-EA45-49A6-8889-3E65A48F0521}.Release|x64.ActiveCfg = Release|Any CPU
		{AFD0AF63-EA45-49A6-8889-3E65A48F0521}.Release|x64.Build.0 = Release|Any CPU
		{AFD0AF63-EA45-49A6-8889-3E65A48F0521}.Release|x86.ActiveCfg = Release|Any CPU
		{AFD0AF63-EA45-49A6-8889-3E65A48F0521}.Release|x86.Build.0 = Release|Any CPU
		{DEDE03C1-1574-4CC6-B20C-1101B960A2DB}.Debug|Any CPU.ActiveCfg = Debug|Any CPU
		{DEDE03C1-1574-4CC6-B20C-1101B960A2DB}.Debug|Any CPU.Build.0 = Debug|Any CPU
		{DEDE03C1-1574-4CC6-B20C-1101B960A2DB}.Debug|x64.ActiveCfg = Debug|Any CPU
		{DEDE03C1-1574-4CC6-B20C-1101B960A2DB}.Debug|x64.Build.0 = Debug|Any CPU
		{DEDE03C1-1574-4CC6-B20C-1101B960A2DB}.Debug|x86.ActiveCfg = Debug|Any CPU
		{DEDE03C1-1574-4CC6-B20C-1101B960A2DB}.Debug|x86.Build.0 = Debug|Any CPU
		{DEDE03C1-1574-4CC6-B20C-1101B960A2DB}.Release|Any CPU.ActiveCfg = Release|Any CPU
		{DEDE03C1-1574-4CC6-B20C-1101B960A2DB}.Release|Any CPU.Build.0 = Release|Any CPU
		{DEDE03C1-1574-4CC6-B20C-1101B960A2DB}.Release|x64.ActiveCfg = Release|Any CPU
		{DEDE03C1-1574-4CC6-B20C-1101B960A2DB}.Release|x64.Build.0 = Release|Any CPU
		{DEDE03C1-1574-4CC6-B20C-1101B960A2DB}.Release|x86.ActiveCfg = Release|Any CPU
		{DEDE03C1-1574-4CC6-B20C-1101B960A2DB}.Release|x86.Build.0 = Release|Any CPU
	EndGlobalSection
	GlobalSection(NestedProjects) = preSolution
		{10E81453-27EC-4D8E-82A7-DEDEFABBD648} = {651F309B-3615-44A7-A5B4-832B4ACE2258}
		{AFD0AF63-EA45-49A6-8889-3E65A48F0521} = {4CBC1D9A-0727-4D31-A3BC-484EF98E7617}
		{DEDE03C1-1574-4CC6-B20C-1101B960A2DB} = {2F955298-B3F4-4C26-BA88-667D2B3668B9}
	EndGlobalSection
EndGlobal
